
Microsoft Visual Studio Solution File, Format Version 12.00
# Visual Studio Version 17
VisualStudioVersion = 17.7.34024.191
MinimumVisualStudioVersion = 10.0.40219.1
Project("{8BC9CEB8-8B4A-11D0-8D11-00A0C91BC942}") = "Лабораторна 5.0", "Лабораторна 5.0.vcxproj", "{48E52B61-AF9A-43AD-AFF4-1E5EA0E42C40}"
EndProject
Global
	GlobalSection(SolutionConfigurationPlatforms) = preSolution
		Debug|x64 = Debug|x64
		Debug|x86 = Debug|x86
		Release|x64 = Release|x64
		Release|x86 = Release|x86
	EndGlobalSection
	GlobalSection(ProjectConfigurationPlatforms) = postSolution
		{48E52B61-AF9A-43AD-AFF4-1E5EA0E42C40}.Debug|x64.ActiveCfg = Debug|x64
		{48E52B61-AF9A-43AD-AFF4-1E5EA0E42C40}.Debug|x64.Build.0 = Debug|x64
		{48E52B61-AF9A-43AD-AFF4-1E5EA0E42C40}.Debug|x86.ActiveCfg = Debug|Win32
		{48E52B61-AF9A-43AD-AFF4-1E5EA0E42C40}.Debug|x86.Build.0 = Debug|Win32
		{48E52B61-AF9A-43AD-AFF4-1E5EA0E42C40}.Release|x64.ActiveCfg = Release|x64
		{48E52B61-AF9A-43AD-AFF4-1E5EA0E42C40}.Release|x64.Build.0 = Release|x64
		{48E52B61-AF9A-43AD-AFF4-1E5EA0E42C40}.Release|x86.ActiveCfg = Release|Win32
		{48E52B61-AF9A-43AD-AFF4-1E5EA0E42C40}.Release|x86.Build.0 = Release|Win32
	EndGlobalSection
	GlobalSection(SolutionProperties) = preSolution
		HideSolutionNode = FALSE
	EndGlobalSection
	GlobalSection(ExtensibilityGlobals) = postSolution
		SolutionGuid = {03954338-866F-46A0-8E09-5D3CCDA5921F}
	EndGlobalSection
EndGlobal
